
Microsoft Visual Studio Solution File, Format Version 12.00
# Visual Studio Version 17
VisualStudioVersion = 17.7.34221.43
MinimumVisualStudioVersion = 10.0.40219.1
Project("{FAE04EC0-301F-11D3-BF4B-00C04F79EFBC}") = "ConsoleApp1", "ConsoleApp1\ConsoleApp1.csproj", "{858A05F5-B167-4C51-B854-D7A77E78A01F}"
EndProject
Global
	GlobalSection(SolutionConfigurationPlatforms) = preSolution
		Debug|Any CPU = Debug|Any CPU
		Release|Any CPU = Release|Any CPU
	EndGlobalSection
	GlobalSection(ProjectConfigurationPlatforms) = postSolution
		{858A05F5-B167-4C51-B854-D7A77E78A01F}.Debug|Any CPU.ActiveCfg = Debug|Any CPU
		{858A05F5-B167-4C51-B854-D7A77E78A01F}.Debug|Any CPU.Build.0 = Debug|Any CPU
		{858A05F5-B167-4C51-B854-D7A77E78A01F}.Release|Any CPU.ActiveCfg = Release|Any CPU
		{858A05F5-B167-4C51-B854-D7A77E78A01F}.Release|Any CPU.Build.0 = Release|Any CPU
	EndGlobalSection
	GlobalSection(SolutionProperties) = preSolution
		HideSolutionNode = FALSE
	EndGlobalSection
	GlobalSection(ExtensibilityGlobals) = postSolution
		SolutionGuid = {D6257E9E-DE25-4FF1-85EE-5CB68B5122AF}
	EndGlobalSection
EndGlobal
